
Microsoft Visual Studio Solution File, Format Version 12.00
# Visual Studio 14
VisualStudioVersion = 14.0.25420.1
MinimumVisualStudioVersion = 10.0.40219.1
Project("{FAE04EC0-301F-11D3-BF4B-00C04F79EFBC}") = "Juice.Test", "Juice.Test\Juice.Test.csproj", "{3008A3F5-D4E1-40F1-A944-54952E748B68}"
EndProject
Project("{FAE04EC0-301F-11D3-BF4B-00C04F79EFBC}") = "Juice.Core", "Juice.Core\Juice.Core.csproj", "{C32EC4F5-30D2-4A61-AB3C-8765560AED7F}"
EndProject
Project("{FAE04EC0-301F-11D3-BF4B-00C04F79EFBC}") = "Juice.Web", "Juice.Web\Juice.Web.csproj", "{EA3C0576-F387-44AD-A8BD-EDA93567CC7B}"
	ProjectSection(ProjectDependencies) = postProject
		{C32EC4F5-30D2-4A61-AB3C-8765560AED7F} = {C32EC4F5-30D2-4A61-AB3C-8765560AED7F}
	EndProjectSection
EndProject
Global
	GlobalSection(SolutionConfigurationPlatforms) = preSolution
		Debug|Any CPU = Debug|Any CPU
		Release|Any CPU = Release|Any CPU
	EndGlobalSection
	GlobalSection(ProjectConfigurationPlatforms) = postSolution
		{3008A3F5-D4E1-40F1-A944-54952E748B68}.Debug|Any CPU.ActiveCfg = Debug|Any CPU
		{3008A3F5-D4E1-40F1-A944-54952E748B68}.Debug|Any CPU.Build.0 = Debug|Any CPU
		{3008A3F5-D4E1-40F1-A944-54952E748B68}.Release|Any CPU.ActiveCfg = Release|Any CPU
		{3008A3F5-D4E1-40F1-A944-54952E748B68}.Release|Any CPU.Build.0 = Release|Any CPU
		{C32EC4F5-30D2-4A61-AB3C-8765560AED7F}.Debug|Any CPU.ActiveCfg = Debug|Any CPU
		{C32EC4F5-30D2-4A61-AB3C-8765560AED7F}.Debug|Any CPU.Build.0 = Debug|Any CPU
		{C32EC4F5-30D2-4A61-AB3C-8765560AED7F}.Release|Any CPU.ActiveCfg = Release|Any CPU
		{C32EC4F5-30D2-4A61-AB3C-8765560AED7F}.Release|Any CPU.Build.0 = Release|Any CPU
		{EA3C0576-F387-44AD-A8BD-EDA93567CC7B}.Debug|Any CPU.ActiveCfg = Debug|Any CPU
		{EA3C0576-F387-44AD-A8BD-EDA93567CC7B}.Debug|Any CPU.Build.0 = Debug|Any CPU
		{EA3C0576-F387-44AD-A8BD-EDA93567CC7B}.Release|Any CPU.ActiveCfg = Release|Any CPU
		{EA3C0576-F387-44AD-A8BD-EDA93567CC7B}.Release|Any CPU.Build.0 = Release|Any CPU
	EndGlobalSection
	GlobalSection(SolutionProperties) = preSolution
		HideSolutionNode = FALSE
	EndGlobalSection
EndGlobal
